// !$*UTF8*$!
{
	archiveVersion = 1;
	classes = {
	};
	objectVersion = 46;
	objects = {

/* Begin PBXBuildFile section */
		01ECE0CE160A0DD8000FC2FA /* ButtonGridViewController.m in Sources */ = {isa = PBXBuildFile; fileRef = 01ECE0CD160A0DD8000FC2FA /* ButtonGridViewController.m */; };
		01ECE0D2160A0ECD000FC2FA /* TaggedButton.m in Sources */ = {isa = PBXBuildFile; fileRef = 01ECE0D1160A0ECD000FC2FA /* TaggedButton.m */; };
		8C08B691163B117A0070D000 /* bb3.png in Resources */ = {isa = PBXBuildFile; fileRef = 8C08B68F163B117A0070D000 /* bb3.png */; };
		8C08B692163B117A0070D000 /* bb2.png in Resources */ = {isa = PBXBuildFile; fileRef = 8C08B690163B117A0070D000 /* bb2.png */; };
		8C0C267515ED2037004991AD /* familyToDo.plist in Resources */ = {isa = PBXBuildFile; fileRef = 8C0C267415ED2037004991AD /* familyToDo.plist */; };
		8C0C267715ED5D39004991AD /* freeToDo.plist in Resources */ = {isa = PBXBuildFile; fileRef = 8C0C267615ED5D39004991AD /* freeToDo.plist */; };
		8C0C267F15ED5D78004991AD /* gymspaToDo.plist in Resources */ = {isa = PBXBuildFile; fileRef = 8C0C267E15ED5D78004991AD /* gymspaToDo.plist */; };
		8C0C268415ED5DC2004991AD /* leisureToDo.plist in Resources */ = {isa = PBXBuildFile; fileRef = 8C0C268315ED5DC2004991AD /* leisureToDo.plist */; };
		8C0C268615ED5DD6004991AD /* nightToDo.plist in Resources */ = {isa = PBXBuildFile; fileRef = 8C0C268515ED5DD6004991AD /* nightToDo.plist */; };
		8C0C268E15ED5E00004991AD /* indoorToDo.plist in Resources */ = {isa = PBXBuildFile; fileRef = 8C0C268D15ED5E00004991AD /* indoorToDo.plist */; };
		8C0C269015ED5E2D004991AD /* outdoorToDo.plist in Resources */ = {isa = PBXBuildFile; fileRef = 8C0C268F15ED5E2D004991AD /* outdoorToDo.plist */; };
		8C0C26A415ED6CBF004991AD /* hotels.plist in Resources */ = {isa = PBXBuildFile; fileRef = 8C0C26A315ED6CBF004991AD /* hotels.plist */; };
		8C0C26A615ED6CC9004991AD /* motels.plist in Resources */ = {isa = PBXBuildFile; fileRef = 8C0C26A515ED6CC9004991AD /* motels.plist */; };
		8C0C7484163AD39800E0C476 /* whereToStay.plist in Resources */ = {isa = PBXBuildFile; fileRef = 8CDFBACF160A071300B7470B /* whereToStay.plist */; };
		8C0C748B163ADC1D00E0C476 /* bb.png in Resources */ = {isa = PBXBuildFile; fileRef = 8C0C748A163ADC1D00E0C476 /* bb.png */; };
		8C17AAFB16374284000448EA /* DrillDownTableViewController.m in Sources */ = {isa = PBXBuildFile; fileRef = 8C17AAFA16374284000448EA /* DrillDownTableViewController.m */; };
		8C2490571562AEE400A56E6F /* borderbottom.png in Resources */ = {isa = PBXBuildFile; fileRef = 8C24904A1562AEE400A56E6F /* borderbottom.png */; };
		8C2490581562AEE400A56E6F /* borderright.png in Resources */ = {isa = PBXBuildFile; fileRef = 8C24904B1562AEE400A56E6F /* borderright.png */; };
		8C2490591562AEE400A56E6F /* do.png in Resources */ = {isa = PBXBuildFile; fileRef = 8C24904C1562AEE400A56E6F /* do.png */; };
		8C24905A1562AEE400A56E6F /* eat.png in Resources */ = {isa = PBXBuildFile; fileRef = 8C24904D1562AEE400A56E6F /* eat.png */; };
		8C24905B1562AEE400A56E6F /* info.png in Resources */ = {isa = PBXBuildFile; fileRef = 8C24904E1562AEE400A56E6F /* info.png */; };
		8C24905C1562AEE400A56E6F /* map.png in Resources */ = {isa = PBXBuildFile; fileRef = 8C24904F1562AEE400A56E6F /* map.png */; };
		8C24905D1562AEE400A56E6F /* randomimages.textClipping in Resources */ = {isa = PBXBuildFile; fileRef = 8C2490501562AEE400A56E6F /* randomimages.textClipping */; };
		8C24905E1562AEE400A56E6F /* search.png in Resources */ = {isa = PBXBuildFile; fileRef = 8C2490511562AEE400A56E6F /* search.png */; };
		8C24905F1562AEE400A56E6F /* see.png in Resources */ = {isa = PBXBuildFile; fileRef = 8C2490521562AEE400A56E6F /* see.png */; };
		8C2490601562AEE400A56E6F /* seeCoronado.psd in Resources */ = {isa = PBXBuildFile; fileRef = 8C2490531562AEE400A56E6F /* seeCoronado.psd */; };
		8C2490611562AEE400A56E6F /* shop.png in Resources */ = {isa = PBXBuildFile; fileRef = 8C2490541562AEE400A56E6F /* shop.png */; };
		8C2490621562AEE400A56E6F /* stay.png in Resources */ = {isa = PBXBuildFile; fileRef = 8C2490551562AEE400A56E6F /* stay.png */; };
		8C2490631562AEE400A56E6F /* travel.png in Resources */ = {isa = PBXBuildFile; fileRef = 8C2490561562AEE400A56E6F /* travel.png */; };
		8C466ED616385302006A0F60 /* ItemList.plist in Resources */ = {isa = PBXBuildFile; fileRef = 8C466ED516385302006A0F60 /* ItemList.plist */; };
		8C51A25A156194FB00DB6105 /* UIKit.framework in Frameworks */ = {isa = PBXBuildFile; fileRef = 8C51A259156194FB00DB6105 /* UIKit.framework */; };
		8C51A25C156194FB00DB6105 /* Foundation.framework in Frameworks */ = {isa = PBXBuildFile; fileRef = 8C51A25B156194FB00DB6105 /* Foundation.framework */; };
		8C51A25E156194FB00DB6105 /* CoreGraphics.framework in Frameworks */ = {isa = PBXBuildFile; fileRef = 8C51A25D156194FB00DB6105 /* CoreGraphics.framework */; };
		8C51A264156194FB00DB6105 /* InfoPlist.strings in Resources */ = {isa = PBXBuildFile; fileRef = 8C51A262156194FB00DB6105 /* InfoPlist.strings */; };
		8C51A266156194FB00DB6105 /* main.m in Sources */ = {isa = PBXBuildFile; fileRef = 8C51A265156194FB00DB6105 /* main.m */; };
		8C51A26A156194FB00DB6105 /* AppDelegate.m in Sources */ = {isa = PBXBuildFile; fileRef = 8C51A269156194FB00DB6105 /* AppDelegate.m */; };
		8C51A26D156194FB00DB6105 /* MainStoryboard.storyboard in Resources */ = {isa = PBXBuildFile; fileRef = 8C51A26B156194FB00DB6105 /* MainStoryboard.storyboard */; };
		8C52F47815FFCAB7008BA1BD /* windmill.png in Resources */ = {isa = PBXBuildFile; fileRef = 8C52F47715FFCAB7008BA1BD /* windmill.png */; };
		8C52F47A15FFDE9B008BA1BD /* sugar.jpeg in Resources */ = {isa = PBXBuildFile; fileRef = 8C52F47915FFDE9B008BA1BD /* sugar.jpeg */; };
		8C55022015B8C81E00AF3F4B /* MapViewController.m in Sources */ = {isa = PBXBuildFile; fileRef = 8C55021F15B8C81E00AF3F4B /* MapViewController.m */; };
		8C55022315B8C96500AF3F4B /* MapKit.framework in Frameworks */ = {isa = PBXBuildFile; fileRef = 8C55022215B8C96500AF3F4B /* MapKit.framework */; };
		8C813C9F15B6178A004CD60A /* whatToEat.plist in Resources */ = {isa = PBXBuildFile; fileRef = 8C813C9E15B6178A004CD60A /* whatToEat.plist */; };
		8C813CA115B6199B004CD60A /* whatToSee.plist in Resources */ = {isa = PBXBuildFile; fileRef = 8C813CA015B6199B004CD60A /* whatToSee.plist */; };
		8C8368C315B7630500BCD6A9 /* whereToShop.plist in Resources */ = {isa = PBXBuildFile; fileRef = 8C8368C215B7630500BCD6A9 /* whereToShop.plist */; };
		8C8368CF15B7708F00BCD6A9 /* howToTravel.plist in Resources */ = {isa = PBXBuildFile; fileRef = 8C8368CE15B7708F00BCD6A9 /* howToTravel.plist */; };
		8C8C54EA15BF4F8700818055 /* CoreLocation.framework in Frameworks */ = {isa = PBXBuildFile; fileRef = 8C8C54E915BF4F8700818055 /* CoreLocation.framework */; };
		8CB2BA3615B5CBBA00AD7361 /* whatToDo.plist in Resources */ = {isa = PBXBuildFile; fileRef = 8CB2BA3515B5CBBA00AD7361 /* whatToDo.plist */; };
		8CBD9259164ADB2900942DAB /* tie.jpg in Resources */ = {isa = PBXBuildFile; fileRef = 8CBD9258164ADB2900942DAB /* tie.jpg */; };
		8CBD9260164AE8BF00942DAB /* GetDirectionsMapViewController.m in Sources */ = {isa = PBXBuildFile; fileRef = 8CBD925F164AE8BF00942DAB /* GetDirectionsMapViewController.m */; };
		8CD1DD6F15D0772700FE4B90 /* athleticToDo.plist in Resources */ = {isa = PBXBuildFile; fileRef = 8CD1DD6E15D0772700FE4B90 /* athleticToDo.plist */; };
		8CE6939B16389013000F84C8 /* DetailViewController.m in Sources */ = {isa = PBXBuildFile; fileRef = 8CE6939A16389013000F84C8 /* DetailViewController.m */; };
/* End PBXBuildFile section */

/* Begin PBXFileReference section */
		01ECE0CC160A0DD8000FC2FA /* ButtonGridViewController.h */ = {isa = PBXFileReference; fileEncoding = 4; lastKnownFileType = sourcecode.c.h; path = ButtonGridViewController.h; sourceTree = "<group>"; };
		01ECE0CD160A0DD8000FC2FA /* ButtonGridViewController.m */ = {isa = PBXFileReference; fileEncoding = 4; lastKnownFileType = sourcecode.c.objc; path = ButtonGridViewController.m; sourceTree = "<group>"; };
		01ECE0D0160A0ECD000FC2FA /* TaggedButton.h */ = {isa = PBXFileReference; fileEncoding = 4; lastKnownFileType = sourcecode.c.h; path = TaggedButton.h; sourceTree = "<group>"; };
		01ECE0D1160A0ECD000FC2FA /* TaggedButton.m */ = {isa = PBXFileReference; fileEncoding = 4; lastKnownFileType = sourcecode.c.objc; path = TaggedButton.m; sourceTree = "<group>"; };
		8C08B68F163B117A0070D000 /* bb3.png */ = {isa = PBXFileReference; lastKnownFileType = image.png; path = bb3.png; sourceTree = "<group>"; };
		8C08B690163B117A0070D000 /* bb2.png */ = {isa = PBXFileReference; lastKnownFileType = image.png; path = bb2.png; sourceTree = "<group>"; };
		8C0C267415ED2037004991AD /* familyToDo.plist */ = {isa = PBXFileReference; fileEncoding = 4; lastKnownFileType = text.plist.xml; path = familyToDo.plist; sourceTree = "<group>"; };
		8C0C267615ED5D39004991AD /* freeToDo.plist */ = {isa = PBXFileReference; fileEncoding = 4; lastKnownFileType = text.plist.xml; path = freeToDo.plist; sourceTree = "<group>"; };
		8C0C267E15ED5D78004991AD /* gymspaToDo.plist */ = {isa = PBXFileReference; fileEncoding = 4; lastKnownFileType = text.plist.xml; path = gymspaToDo.plist; sourceTree = "<group>"; };
		8C0C268315ED5DC2004991AD /* leisureToDo.plist */ = {isa = PBXFileReference; fileEncoding = 4; lastKnownFileType = text.plist.xml; path = leisureToDo.plist; sourceTree = "<group>"; };
		8C0C268515ED5DD6004991AD /* nightToDo.plist */ = {isa = PBXFileReference; fileEncoding = 4; lastKnownFileType = text.plist.xml; path = nightToDo.plist; sourceTree = "<group>"; };
		8C0C268D15ED5E00004991AD /* indoorToDo.plist */ = {isa = PBXFileReference; fileEncoding = 4; lastKnownFileType = text.plist.xml; path = indoorToDo.plist; sourceTree = "<group>"; };
		8C0C268F15ED5E2D004991AD /* outdoorToDo.plist */ = {isa = PBXFileReference; fileEncoding = 4; lastKnownFileType = text.plist.xml; path = outdoorToDo.plist; sourceTree = "<group>"; };
		8C0C26A315ED6CBF004991AD /* hotels.plist */ = {isa = PBXFileReference; fileEncoding = 4; lastKnownFileType = text.plist.xml; path = hotels.plist; sourceTree = "<group>"; };
		8C0C26A515ED6CC9004991AD /* motels.plist */ = {isa = PBXFileReference; fileEncoding = 4; lastKnownFileType = text.plist.xml; path = motels.plist; sourceTree = "<group>"; };
		8C0C748A163ADC1D00E0C476 /* bb.png */ = {isa = PBXFileReference; lastKnownFileType = image.png; path = bb.png; sourceTree = "<group>"; };
		8C17AAF916374284000448EA /* DrillDownTableViewController.h */ = {isa = PBXFileReference; fileEncoding = 4; lastKnownFileType = sourcecode.c.h; path = DrillDownTableViewController.h; sourceTree = SOURCE_ROOT; };
		8C17AAFA16374284000448EA /* DrillDownTableViewController.m */ = {isa = PBXFileReference; fileEncoding = 4; lastKnownFileType = sourcecode.c.objc; path = DrillDownTableViewController.m; sourceTree = SOURCE_ROOT; };
		8C24904A1562AEE400A56E6F /* borderbottom.png */ = {isa = PBXFileReference; lastKnownFileType = image.png; path = borderbottom.png; sourceTree = "<group>"; };
		8C24904B1562AEE400A56E6F /* borderright.png */ = {isa = PBXFileReference; lastKnownFileType = image.png; path = borderright.png; sourceTree = "<group>"; };
		8C24904C1562AEE400A56E6F /* do.png */ = {isa = PBXFileReference; lastKnownFileType = image.png; path = do.png; sourceTree = "<group>"; };
		8C24904D1562AEE400A56E6F /* eat.png */ = {isa = PBXFileReference; lastKnownFileType = image.png; path = eat.png; sourceTree = "<group>"; };
		8C24904E1562AEE400A56E6F /* info.png */ = {isa = PBXFileReference; lastKnownFileType = image.png; path = info.png; sourceTree = "<group>"; };
		8C24904F1562AEE400A56E6F /* map.png */ = {isa = PBXFileReference; lastKnownFileType = image.png; path = map.png; sourceTree = "<group>"; };
		8C2490501562AEE400A56E6F /* randomimages.textClipping */ = {isa = PBXFileReference; fileEncoding = 4; lastKnownFileType = text; path = randomimages.textClipping; sourceTree = "<group>"; };
		8C2490511562AEE400A56E6F /* search.png */ = {isa = PBXFileReference; lastKnownFileType = image.png; path = search.png; sourceTree = "<group>"; };
		8C2490521562AEE400A56E6F /* see.png */ = {isa = PBXFileReference; lastKnownFileType = image.png; path = see.png; sourceTree = "<group>"; };
		8C2490531562AEE400A56E6F /* seeCoronado.psd */ = {isa = PBXFileReference; lastKnownFileType = file; path = seeCoronado.psd; sourceTree = "<group>"; };
		8C2490541562AEE400A56E6F /* shop.png */ = {isa = PBXFileReference; lastKnownFileType = image.png; path = shop.png; sourceTree = "<group>"; };
		8C2490551562AEE400A56E6F /* stay.png */ = {isa = PBXFileReference; lastKnownFileType = image.png; path = stay.png; sourceTree = "<group>"; };
		8C2490561562AEE400A56E6F /* travel.png */ = {isa = PBXFileReference; lastKnownFileType = image.png; path = travel.png; sourceTree = "<group>"; };
		8C466ED516385302006A0F60 /* ItemList.plist */ = {isa = PBXFileReference; fileEncoding = 4; lastKnownFileType = text.plist.xml; path = ItemList.plist; sourceTree = "<group>"; };
		8C51A255156194FB00DB6105 /* See Coronado.app */ = {isa = PBXFileReference; explicitFileType = wrapper.application; includeInIndex = 0; path = "See Coronado.app"; sourceTree = BUILT_PRODUCTS_DIR; };
		8C51A259156194FB00DB6105 /* UIKit.framework */ = {isa = PBXFileReference; lastKnownFileType = wrapper.framework; name = UIKit.framework; path = System/Library/Frameworks/UIKit.framework; sourceTree = SDKROOT; };
		8C51A25B156194FB00DB6105 /* Foundation.framework */ = {isa = PBXFileReference; lastKnownFileType = wrapper.framework; name = Foundation.framework; path = System/Library/Frameworks/Foundation.framework; sourceTree = SDKROOT; };
		8C51A25D156194FB00DB6105 /* CoreGraphics.framework */ = {isa = PBXFileReference; lastKnownFileType = wrapper.framework; name = CoreGraphics.framework; path = System/Library/Frameworks/CoreGraphics.framework; sourceTree = SDKROOT; };
		8C51A261156194FB00DB6105 /* See Coronado-Info.plist */ = {isa = PBXFileReference; lastKnownFileType = text.plist.xml; path = "See Coronado-Info.plist"; sourceTree = "<group>"; };
		8C51A263156194FB00DB6105 /* en */ = {isa = PBXFileReference; lastKnownFileType = text.plist.strings; name = en; path = en.lproj/InfoPlist.strings; sourceTree = "<group>"; };
		8C51A265156194FB00DB6105 /* main.m */ = {isa = PBXFileReference; lastKnownFileType = sourcecode.c.objc; path = main.m; sourceTree = "<group>"; };
		8C51A267156194FB00DB6105 /* See Coronado-Prefix.pch */ = {isa = PBXFileReference; lastKnownFileType = sourcecode.c.h; path = "See Coronado-Prefix.pch"; sourceTree = "<group>"; };
		8C51A268156194FB00DB6105 /* AppDelegate.h */ = {isa = PBXFileReference; lastKnownFileType = sourcecode.c.h; path = AppDelegate.h; sourceTree = "<group>"; };
		8C51A269156194FB00DB6105 /* AppDelegate.m */ = {isa = PBXFileReference; lastKnownFileType = sourcecode.c.objc; path = AppDelegate.m; sourceTree = "<group>"; };
		8C51A26C156194FB00DB6105 /* en */ = {isa = PBXFileReference; lastKnownFileType = file.storyboard; name = en; path = en.lproj/MainStoryboard.storyboard; sourceTree = "<group>"; };
		8C52F47715FFCAB7008BA1BD /* windmill.png */ = {isa = PBXFileReference; lastKnownFileType = image.png; path = windmill.png; sourceTree = "<group>"; };
		8C52F47915FFDE9B008BA1BD /* sugar.jpeg */ = {isa = PBXFileReference; lastKnownFileType = image.jpeg; path = sugar.jpeg; sourceTree = "<group>"; };
		8C55021E15B8C81E00AF3F4B /* MapViewController.h */ = {isa = PBXFileReference; fileEncoding = 4; lastKnownFileType = sourcecode.c.h; name = MapViewController.h; path = ../MapViewController.h; sourceTree = "<group>"; };
		8C55021F15B8C81E00AF3F4B /* MapViewController.m */ = {isa = PBXFileReference; fileEncoding = 4; lastKnownFileType = sourcecode.c.objc; name = MapViewController.m; path = ../MapViewController.m; sourceTree = "<group>"; };
		8C55022215B8C96500AF3F4B /* MapKit.framework */ = {isa = PBXFileReference; lastKnownFileType = wrapper.framework; name = MapKit.framework; path = System/Library/Frameworks/MapKit.framework; sourceTree = SDKROOT; };
		8C813C9E15B6178A004CD60A /* whatToEat.plist */ = {isa = PBXFileReference; fileEncoding = 4; lastKnownFileType = text.plist.xml; path = whatToEat.plist; sourceTree = "<group>"; };
		8C813CA015B6199B004CD60A /* whatToSee.plist */ = {isa = PBXFileReference; fileEncoding = 4; lastKnownFileType = text.plist.xml; path = whatToSee.plist; sourceTree = "<group>"; };
		8C8368C215B7630500BCD6A9 /* whereToShop.plist */ = {isa = PBXFileReference; fileEncoding = 4; lastKnownFileType = text.plist.xml; path = whereToShop.plist; sourceTree = "<group>"; };
		8C8368CE15B7708F00BCD6A9 /* howToTravel.plist */ = {isa = PBXFileReference; fileEncoding = 4; lastKnownFileType = text.plist.xml; path = howToTravel.plist; sourceTree = "<group>"; };
		8C8C54E915BF4F8700818055 /* CoreLocation.framework */ = {isa = PBXFileReference; lastKnownFileType = wrapper.framework; name = CoreLocation.framework; path = System/Library/Frameworks/CoreLocation.framework; sourceTree = SDKROOT; };
		8CB2BA3515B5CBBA00AD7361 /* whatToDo.plist */ = {isa = PBXFileReference; fileEncoding = 4; lastKnownFileType = text.plist.xml; path = whatToDo.plist; sourceTree = "<group>"; };
		8CBD9258164ADB2900942DAB /* tie.jpg */ = {isa = PBXFileReference; lastKnownFileType = image.jpeg; path = tie.jpg; sourceTree = "<group>"; };
		8CBD925E164AE8BF00942DAB /* GetDirectionsMapViewController.h */ = {isa = PBXFileReference; fileEncoding = 4; lastKnownFileType = sourcecode.c.h; name = GetDirectionsMapViewController.h; path = ../GetDirectionsMapViewController.h; sourceTree = "<group>"; };
		8CBD925F164AE8BF00942DAB /* GetDirectionsMapViewController.m */ = {isa = PBXFileReference; fileEncoding = 4; lastKnownFileType = sourcecode.c.objc; name = GetDirectionsMapViewController.m; path = ../GetDirectionsMapViewController.m; sourceTree = "<group>"; };
		8CD1DD6E15D0772700FE4B90 /* athleticToDo.plist */ = {isa = PBXFileReference; fileEncoding = 4; lastKnownFileType = text.plist.xml; path = athleticToDo.plist; sourceTree = "<group>"; };
		8CDFBAC9160A06A300B7470B /* bedbreakfast.plist */ = {isa = PBXFileReference; lastKnownFileType = text.plist.xml; path = bedbreakfast.plist; sourceTree = "<group>"; };
		8CDFBACF160A071300B7470B /* whereToStay.plist */ = {isa = PBXFileReference; lastKnownFileType = text.plist.xml; path = whereToStay.plist; sourceTree = "<group>"; };
		8CE6939916389013000F84C8 /* DetailViewController.h */ = {isa = PBXFileReference; fileEncoding = 4; lastKnownFileType = sourcecode.c.h; path = DetailViewController.h; sourceTree = SOURCE_ROOT; };
		8CE6939A16389013000F84C8 /* DetailViewController.m */ = {isa = PBXFileReference; fileEncoding = 4; lastKnownFileType = sourcecode.c.objc; path = DetailViewController.m; sourceTree = SOURCE_ROOT; };
/* End PBXFileReference section */

/* Begin PBXFrameworksBuildPhase section */
		8C51A252156194FB00DB6105 /* Frameworks */ = {
			isa = PBXFrameworksBuildPhase;
			buildActionMask = 2147483647;
			files = (
				8C8C54EA15BF4F8700818055 /* CoreLocation.framework in Frameworks */,
				8C55022315B8C96500AF3F4B /* MapKit.framework in Frameworks */,
				8C51A25A156194FB00DB6105 /* UIKit.framework in Frameworks */,
				8C51A25C156194FB00DB6105 /* Foundation.framework in Frameworks */,
				8C51A25E156194FB00DB6105 /* CoreGraphics.framework in Frameworks */,
			);
			runOnlyForDeploymentPostprocessing = 0;
		};
/* End PBXFrameworksBuildPhase section */

/* Begin PBXGroup section */
		8C0C266915ED1F11004991AD /* Indoor */ = {
			isa = PBXGroup;
			children = (
				8C0C268D15ED5E00004991AD /* indoorToDo.plist */,
			);
			name = Indoor;
			sourceTree = "<group>";
		};
		8C0C266B15ED1F47004991AD /* Outdoor */ = {
			isa = PBXGroup;
			children = (
				8C0C268F15ED5E2D004991AD /* outdoorToDo.plist */,
			);
			name = Outdoor;
			sourceTree = "<group>";
		};
		8C0C266C15ED1F54004991AD /* Family */ = {
			isa = PBXGroup;
			children = (
				8C0C267415ED2037004991AD /* familyToDo.plist */,
			);
			name = Family;
			sourceTree = "<group>";
		};
		8C0C266D15ED1F5B004991AD /* Gym/Spa */ = {
			isa = PBXGroup;
			children = (
				8C0C267E15ED5D78004991AD /* gymspaToDo.plist */,
			);
			name = Gym/Spa;
			sourceTree = "<group>";
		};
		8C0C266E15ED1F61004991AD /* Night Life */ = {
			isa = PBXGroup;
			children = (
				8C0C268515ED5DD6004991AD /* nightToDo.plist */,
			);
			name = "Night Life";
			sourceTree = "<group>";
		};
		8C0C266F15ED1F65004991AD /* Free */ = {
			isa = PBXGroup;
			children = (
				8C0C267615ED5D39004991AD /* freeToDo.plist */,
			);
			name = Free;
			sourceTree = "<group>";
		};
		8C0C267015ED1FA8004991AD /* Leisure */ = {
			isa = PBXGroup;
			children = (
				8C0C268315ED5DC2004991AD /* leisureToDo.plist */,
			);
			name = Leisure;
			sourceTree = "<group>";
		};
		8C0C269415ED6BFA004991AD /* Bed & Breakfast */ = {
			isa = PBXGroup;
			children = (
				8CDFBAC9160A06A300B7470B /* bedbreakfast.plist */,
				8C52F47915FFDE9B008BA1BD /* sugar.jpeg */,
				8C52F47715FFCAB7008BA1BD /* windmill.png */,
			);
			name = "Bed & Breakfast";
			sourceTree = "<group>";
		};
		8C0C269615ED6C12004991AD /* Hotels */ = {
			isa = PBXGroup;
			children = (
				8C0C26A315ED6CBF004991AD /* hotels.plist */,
			);
			name = Hotels;
			sourceTree = "<group>";
		};
		8C0C269715ED6C19004991AD /* Inns & Motels */ = {
			isa = PBXGroup;
			children = (
				8C0C26A515ED6CC9004991AD /* motels.plist */,
			);
			name = "Inns & Motels";
			sourceTree = "<group>";
		};
		8C2490491562AEE400A56E6F /* newimages */ = {
			isa = PBXGroup;
			children = (
				8C24904A1562AEE400A56E6F /* borderbottom.png */,
				8C24904B1562AEE400A56E6F /* borderright.png */,
				8C24904C1562AEE400A56E6F /* do.png */,
				8C24904D1562AEE400A56E6F /* eat.png */,
				8C24904E1562AEE400A56E6F /* info.png */,
				8C24904F1562AEE400A56E6F /* map.png */,
				8C2490501562AEE400A56E6F /* randomimages.textClipping */,
				8C2490511562AEE400A56E6F /* search.png */,
				8C2490521562AEE400A56E6F /* see.png */,
				8C2490531562AEE400A56E6F /* seeCoronado.psd */,
				8C2490541562AEE400A56E6F /* shop.png */,
				8C2490551562AEE400A56E6F /* stay.png */,
				8C2490561562AEE400A56E6F /* travel.png */,
			);
			path = newimages;
			sourceTree = "<group>";
		};
		8C51A24A156194FB00DB6105 = {
			isa = PBXGroup;
			children = (
				8C51A25F156194FB00DB6105 /* See Coronado */,
				8C51A258156194FB00DB6105 /* Frameworks */,
				8C51A256156194FB00DB6105 /* Products */,
			);
			sourceTree = "<group>";
		};
		8C51A256156194FB00DB6105 /* Products */ = {
			isa = PBXGroup;
			children = (
				8C51A255156194FB00DB6105 /* See Coronado.app */,
			);
			name = Products;
			sourceTree = "<group>";
		};
		8C51A258156194FB00DB6105 /* Frameworks */ = {
			isa = PBXGroup;
			children = (
				8C8C54E915BF4F8700818055 /* CoreLocation.framework */,
				8C55022215B8C96500AF3F4B /* MapKit.framework */,
				8C51A259156194FB00DB6105 /* UIKit.framework */,
				8C51A25B156194FB00DB6105 /* Foundation.framework */,
				8C51A25D156194FB00DB6105 /* CoreGraphics.framework */,
			);
			name = Frameworks;
			sourceTree = "<group>";
		};
		8C51A25F156194FB00DB6105 /* See Coronado */ = {
			isa = PBXGroup;
			children = (
				8C2490491562AEE400A56E6F /* newimages */,
				8C51A268156194FB00DB6105 /* AppDelegate.h */,
				8C51A269156194FB00DB6105 /* AppDelegate.m */,
				8C51A26B156194FB00DB6105 /* MainStoryboard.storyboard */,
				8CBD925E164AE8BF00942DAB /* GetDirectionsMapViewController.h */,
				8CBD925F164AE8BF00942DAB /* GetDirectionsMapViewController.m */,
				8C55021E15B8C81E00AF3F4B /* MapViewController.h */,
				8C55021F15B8C81E00AF3F4B /* MapViewController.m */,
				8CE6939916389013000F84C8 /* DetailViewController.h */,
				8CE6939A16389013000F84C8 /* DetailViewController.m */,
				8C17AAF916374284000448EA /* DrillDownTableViewController.h */,
				8C17AAFA16374284000448EA /* DrillDownTableViewController.m */,
				01ECE0CC160A0DD8000FC2FA /* ButtonGridViewController.h */,
				01ECE0CD160A0DD8000FC2FA /* ButtonGridViewController.m */,
				01ECE0D0160A0ECD000FC2FA /* TaggedButton.h */,
				01ECE0D1160A0ECD000FC2FA /* TaggedButton.m */,
				8C466ED516385302006A0F60 /* ItemList.plist */,
				8C0C748A163ADC1D00E0C476 /* bb.png */,
				8C08B68F163B117A0070D000 /* bb3.png */,
				8C08B690163B117A0070D000 /* bb2.png */,
				8CBD9258164ADB2900942DAB /* tie.jpg */,
				8C813C9C15B6158B004CD60A /* toDo */,
				8C813C9D15B615A2004CD60A /* toEat */,
				8C813CA215B619F8004CD60A /* toSee */,
				8C8368C115B7624F00BCD6A9 /* toShop */,
				8C8368C715B76BD200BCD6A9 /* toStay */,
				8C8368CD15B7706300BCD6A9 /* toTravel */,
				8C51A260156194FB00DB6105 /* Supporting Files */,
			);
			path = "See Coronado";
			sourceTree = "<group>";
		};
		8C51A260156194FB00DB6105 /* Supporting Files */ = {
			isa = PBXGroup;
			children = (
				8C51A261156194FB00DB6105 /* See Coronado-Info.plist */,
				8C51A262156194FB00DB6105 /* InfoPlist.strings */,
				8C51A265156194FB00DB6105 /* main.m */,
				8C51A267156194FB00DB6105 /* See Coronado-Prefix.pch */,
			);
			name = "Supporting Files";
			sourceTree = "<group>";
		};
		8C813C9C15B6158B004CD60A /* toDo */ = {
			isa = PBXGroup;
			children = (
				8CB2BA3515B5CBBA00AD7361 /* whatToDo.plist */,
				8CD1DD6915D076D300FE4B90 /* Athletic */,
				8C0C266C15ED1F54004991AD /* Family */,
				8C0C266F15ED1F65004991AD /* Free */,
				8C0C266D15ED1F5B004991AD /* Gym/Spa */,
				8C0C267015ED1FA8004991AD /* Leisure */,
				8C0C266E15ED1F61004991AD /* Night Life */,
				8C0C266915ED1F11004991AD /* Indoor */,
				8C0C266B15ED1F47004991AD /* Outdoor */,
			);
			name = toDo;
			sourceTree = "<group>";
		};
		8C813C9D15B615A2004CD60A /* toEat */ = {
			isa = PBXGroup;
			children = (
				8C813C9E15B6178A004CD60A /* whatToEat.plist */,
			);
			name = toEat;
			sourceTree = "<group>";
		};
		8C813CA215B619F8004CD60A /* toSee */ = {
			isa = PBXGroup;
			children = (
				8C813CA015B6199B004CD60A /* whatToSee.plist */,
			);
			name = toSee;
			sourceTree = "<group>";
		};
		8C8368C115B7624F00BCD6A9 /* toShop */ = {
			isa = PBXGroup;
			children = (
				8C8368C215B7630500BCD6A9 /* whereToShop.plist */,
			);
			name = toShop;
			sourceTree = "<group>";
		};
		8C8368C715B76BD200BCD6A9 /* toStay */ = {
			isa = PBXGroup;
			children = (
				8CDFBACF160A071300B7470B /* whereToStay.plist */,
				8C0C269415ED6BFA004991AD /* Bed & Breakfast */,
				8C0C269615ED6C12004991AD /* Hotels */,
				8C0C269715ED6C19004991AD /* Inns & Motels */,
			);
			name = toStay;
			sourceTree = "<group>";
		};
		8C8368CD15B7706300BCD6A9 /* toTravel */ = {
			isa = PBXGroup;
			children = (
				8C8368CE15B7708F00BCD6A9 /* howToTravel.plist */,
			);
			name = toTravel;
			sourceTree = "<group>";
		};
		8CD1DD6915D076D300FE4B90 /* Athletic */ = {
			isa = PBXGroup;
			children = (
				8CD1DD6E15D0772700FE4B90 /* athleticToDo.plist */,
			);
			name = Athletic;
			sourceTree = "<group>";
		};
/* End PBXGroup section */

/* Begin PBXNativeTarget section */
		8C51A254156194FB00DB6105 /* See Coronado */ = {
			isa = PBXNativeTarget;
			buildConfigurationList = 8C51A273156194FB00DB6105 /* Build configuration list for PBXNativeTarget "See Coronado" */;
			buildPhases = (
				8C51A251156194FB00DB6105 /* Sources */,
				8C51A252156194FB00DB6105 /* Frameworks */,
				8C51A253156194FB00DB6105 /* Resources */,
			);
			buildRules = (
			);
			dependencies = (
			);
			name = "See Coronado";
			productName = "See Coronado";
			productReference = 8C51A255156194FB00DB6105 /* See Coronado.app */;
			productType = "com.apple.product-type.application";
		};
/* End PBXNativeTarget section */

/* Begin PBXProject section */
		8C51A24C156194FB00DB6105 /* Project object */ = {
			isa = PBXProject;
			attributes = {
				LastUpgradeCheck = 0430;
			};
			buildConfigurationList = 8C51A24F156194FB00DB6105 /* Build configuration list for PBXProject "See Coronado" */;
			compatibilityVersion = "Xcode 3.2";
			developmentRegion = English;
			hasScannedForEncodings = 0;
			knownRegions = (
				en,
			);
			mainGroup = 8C51A24A156194FB00DB6105;
			productRefGroup = 8C51A256156194FB00DB6105 /* Products */;
			projectDirPath = "";
			projectRoot = "";
			targets = (
				8C51A254156194FB00DB6105 /* See Coronado */,
			);
		};
/* End PBXProject section */

/* Begin PBXResourcesBuildPhase section */
		8C51A253156194FB00DB6105 /* Resources */ = {
			isa = PBXResourcesBuildPhase;
			buildActionMask = 2147483647;
			files = (
				8C51A264156194FB00DB6105 /* InfoPlist.strings in Resources */,
				8C51A26D156194FB00DB6105 /* MainStoryboard.storyboard in Resources */,
				8C2490571562AEE400A56E6F /* borderbottom.png in Resources */,
				8C2490581562AEE400A56E6F /* borderright.png in Resources */,
				8C2490591562AEE400A56E6F /* do.png in Resources */,
				8C24905A1562AEE400A56E6F /* eat.png in Resources */,
				8C24905B1562AEE400A56E6F /* info.png in Resources */,
				8C24905C1562AEE400A56E6F /* map.png in Resources */,
				8C24905D1562AEE400A56E6F /* randomimages.textClipping in Resources */,
				8C24905E1562AEE400A56E6F /* search.png in Resources */,
				8C24905F1562AEE400A56E6F /* see.png in Resources */,
				8C2490601562AEE400A56E6F /* seeCoronado.psd in Resources */,
				8C2490611562AEE400A56E6F /* shop.png in Resources */,
				8C2490621562AEE400A56E6F /* stay.png in Resources */,
				8C2490631562AEE400A56E6F /* travel.png in Resources */,
				8C0C7484163AD39800E0C476 /* whereToStay.plist in Resources */,
				8CB2BA3615B5CBBA00AD7361 /* whatToDo.plist in Resources */,
				8C813C9F15B6178A004CD60A /* whatToEat.plist in Resources */,
				8C813CA115B6199B004CD60A /* whatToSee.plist in Resources */,
				8C8368C315B7630500BCD6A9 /* whereToShop.plist in Resources */,
				8C8368CF15B7708F00BCD6A9 /* howToTravel.plist in Resources */,
				8CD1DD6F15D0772700FE4B90 /* athleticToDo.plist in Resources */,
				8C0C267515ED2037004991AD /* familyToDo.plist in Resources */,
				8C0C267715ED5D39004991AD /* freeToDo.plist in Resources */,
				8C0C267F15ED5D78004991AD /* gymspaToDo.plist in Resources */,
				8C0C268415ED5DC2004991AD /* leisureToDo.plist in Resources */,
				8C0C268615ED5DD6004991AD /* nightToDo.plist in Resources */,
				8C0C268E15ED5E00004991AD /* indoorToDo.plist in Resources */,
				8C0C269015ED5E2D004991AD /* outdoorToDo.plist in Resources */,
				8C0C26A415ED6CBF004991AD /* hotels.plist in Resources */,
				8C0C26A615ED6CC9004991AD /* motels.plist in Resources */,
				8C52F47815FFCAB7008BA1BD /* windmill.png in Resources */,
				8C52F47A15FFDE9B008BA1BD /* sugar.jpeg in Resources */,
				8C466ED616385302006A0F60 /* ItemList.plist in Resources */,
				8C0C748B163ADC1D00E0C476 /* bb.png in Resources */,
				8C08B691163B117A0070D000 /* bb3.png in Resources */,
				8C08B692163B117A0070D000 /* bb2.png in Resources */,
				8CBD9259164ADB2900942DAB /* tie.jpg in Resources */,
			);
			runOnlyForDeploymentPostprocessing = 0;
		};
/* End PBXResourcesBuildPhase section */

/* Begin PBXSourcesBuildPhase section */
		8C51A251156194FB00DB6105 /* Sources */ = {
			isa = PBXSourcesBuildPhase;
			buildActionMask = 2147483647;
			files = (
				8C51A266156194FB00DB6105 /* main.m in Sources */,
				8C51A26A156194FB00DB6105 /* AppDelegate.m in Sources */,
				8C55022015B8C81E00AF3F4B /* MapViewController.m in Sources */,
				01ECE0CE160A0DD8000FC2FA /* ButtonGridViewController.m in Sources */,
				01ECE0D2160A0ECD000FC2FA /* TaggedButton.m in Sources */,
				8C17AAFB16374284000448EA /* DrillDownTableViewController.m in Sources */,
				8CE6939B16389013000F84C8 /* DetailViewController.m in Sources */,
				8CBD9260164AE8BF00942DAB /* GetDirectionsMapViewController.m in Sources */,
			);
			runOnlyForDeploymentPostprocessing = 0;
		};
/* End PBXSourcesBuildPhase section */

/* Begin PBXVariantGroup section */
		8C51A262156194FB00DB6105 /* InfoPlist.strings */ = {
			isa = PBXVariantGroup;
			children = (
				8C51A263156194FB00DB6105 /* en */,
			);
			name = InfoPlist.strings;
			sourceTree = "<group>";
		};
		8C51A26B156194FB00DB6105 /* MainStoryboard.storyboard */ = {
			isa = PBXVariantGroup;
			children = (
				8C51A26C156194FB00DB6105 /* en */,
			);
			name = MainStoryboard.storyboard;
			sourceTree = "<group>";
		};
/* End PBXVariantGroup section */

/* Begin XCBuildConfiguration section */
		8C51A271156194FB00DB6105 /* Debug */ = {
			isa = XCBuildConfiguration;
			buildSettings = {
				ALWAYS_SEARCH_USER_PATHS = NO;
				ARCHS = "$(ARCHS_STANDARD_32_BIT)";
				CLANG_ENABLE_OBJC_ARC = YES;
				"CODE_SIGN_IDENTITY[sdk=iphoneos*]" = "iPhone Developer";
				COPY_PHASE_STRIP = NO;
				GCC_C_LANGUAGE_STANDARD = gnu99;
				GCC_DYNAMIC_NO_PIC = NO;
				GCC_OPTIMIZATION_LEVEL = 0;
				GCC_PREPROCESSOR_DEFINITIONS = (
					"DEBUG=1",
					"$(inherited)",
				);
				GCC_SYMBOLS_PRIVATE_EXTERN = NO;
				GCC_VERSION = com.apple.compilers.llvm.clang.1_0;
				GCC_WARN_ABOUT_RETURN_TYPE = YES;
				GCC_WARN_UNINITIALIZED_AUTOS = YES;
				GCC_WARN_UNUSED_VARIABLE = YES;
				IPHONEOS_DEPLOYMENT_TARGET = 5.1;
				SDKROOT = iphoneos;
			};
			name = Debug;
		};
		8C51A272156194FB00DB6105 /* Release */ = {
			isa = XCBuildConfiguration;
			buildSettings = {
				ALWAYS_SEARCH_USER_PATHS = NO;
				ARCHS = "$(ARCHS_STANDARD_32_BIT)";
				CLANG_ENABLE_OBJC_ARC = YES;
				"CODE_SIGN_IDENTITY[sdk=iphoneos*]" = "iPhone Developer";
				COPY_PHASE_STRIP = YES;
				GCC_C_LANGUAGE_STANDARD = gnu99;
				GCC_VERSION = com.apple.compilers.llvm.clang.1_0;
				GCC_WARN_ABOUT_RETURN_TYPE = YES;
				GCC_WARN_UNINITIALIZED_AUTOS = YES;
				GCC_WARN_UNUSED_VARIABLE = YES;
				IPHONEOS_DEPLOYMENT_TARGET = 5.1;
				OTHER_CFLAGS = "-DNS_BLOCK_ASSERTIONS=1";
				SDKROOT = iphoneos;
				VALIDATE_PRODUCT = YES;
			};
			name = Release;
		};
		8C51A274156194FB00DB6105 /* Debug */ = {
			isa = XCBuildConfiguration;
			buildSettings = {
				GCC_PRECOMPILE_PREFIX_HEADER = YES;
				GCC_PREFIX_HEADER = "See Coronado/See Coronado-Prefix.pch";
				INFOPLIST_FILE = "See Coronado/See Coronado-Info.plist";
				PRODUCT_NAME = "$(TARGET_NAME)";
				WRAPPER_EXTENSION = app;
			};
			name = Debug;
		};
		8C51A275156194FB00DB6105 /* Release */ = {
			isa = XCBuildConfiguration;
			buildSettings = {
				GCC_PRECOMPILE_PREFIX_HEADER = YES;
				GCC_PREFIX_HEADER = "See Coronado/See Coronado-Prefix.pch";
				INFOPLIST_FILE = "See Coronado/See Coronado-Info.plist";
				PRODUCT_NAME = "$(TARGET_NAME)";
				WRAPPER_EXTENSION = app;
			};
			name = Release;
		};
/* End XCBuildConfiguration section */

/* Begin XCConfigurationList section */
		8C51A24F156194FB00DB6105 /* Build configuration list for PBXProject "See Coronado" */ = {
			isa = XCConfigurationList;
			buildConfigurations = (
				8C51A271156194FB00DB6105 /* Debug */,
				8C51A272156194FB00DB6105 /* Release */,
			);
			defaultConfigurationIsVisible = 0;
			defaultConfigurationName = Release;
		};
		8C51A273156194FB00DB6105 /* Build configuration list for PBXNativeTarget "See Coronado" */ = {
			isa = XCConfigurationList;
			buildConfigurations = (
				8C51A274156194FB00DB6105 /* Debug */,
				8C51A275156194FB00DB6105 /* Release */,
			);
			defaultConfigurationIsVisible = 0;
			defaultConfigurationName = Release;
		};
/* End XCConfigurationList section */
	};
	rootObject = 8C51A24C156194FB00DB6105 /* Project object */;
}
